// !$*UTF8*$!
{
	archiveVersion = 1;
	classes = {
	};
	objectVersion = 46;
	objects = {

/* Begin PBXBuildFile section */
		840C1C801D483A78001E6EA1 /* AppDelegate.swift in Sources */ = {isa = PBXBuildFile; fileRef = 840C1C7F1D483A78001E6EA1 /* AppDelegate.swift */; };
		840C1C821D483A78001E6EA1 /* ViewController.swift in Sources */ = {isa = PBXBuildFile; fileRef = 840C1C811D483A78001E6EA1 /* ViewController.swift */; };
		840C1C851D483A78001E6EA1 /* Main.storyboard in Resources */ = {isa = PBXBuildFile; fileRef = 840C1C831D483A78001E6EA1 /* Main.storyboard */; };
		840C1C871D483A78001E6EA1 /* Assets.xcassets in Resources */ = {isa = PBXBuildFile; fileRef = 840C1C861D483A78001E6EA1 /* Assets.xcassets */; };
		840C1C8A1D483A78001E6EA1 /* LaunchScreen.storyboard in Resources */ = {isa = PBXBuildFile; fileRef = 840C1C881D483A78001E6EA1 /* LaunchScreen.storyboard */; };
/* End PBXBuildFile section */

/* Begin PBXFileReference section */
		840C1C7C1D483A78001E6EA1 /* catyears.app */ = {isa = PBXFileReference; explicitFileType = wrapper.application; includeInIndex = 0; path = catyears.app; sourceTree = BUILT_PRODUCTS_DIR; };
		840C1C7F1D483A78001E6EA1 /* AppDelegate.swift */ = {isa = PBXFileReference; lastKnownFileType = sourcecode.swift; path = AppDelegate.swift; sourceTree = "<group>"; };
		840C1C811D483A78001E6EA1 /* ViewController.swift */ = {isa = PBXFileReference; lastKnownFileType = sourcecode.swift; path = ViewController.swift; sourceTree = "<group>"; };
		840C1C841D483A78001E6EA1 /* Base */ = {isa = PBXFileReference; lastKnownFileType = file.storyboard; name = Base; path = Base.lproj/Main.storyboard; sourceTree = "<group>"; };
		840C1C861D483A78001E6EA1 /* Assets.xcassets */ = {isa = PBXFileReference; lastKnownFileType = folder.assetcatalog; path = Assets.xcassets; sourceTree = "<group>"; };
		840C1C891D483A78001E6EA1 /* Base */ = {isa = PBXFileReference; lastKnownFileType = file.storyboard; name = Base; path = Base.lproj/LaunchScreen.storyboard; sourceTree = "<group>"; };
		840C1C8B1D483A78001E6EA1 /* Info.plist */ = {isa = PBXFileReference; lastKnownFileType = text.plist.xml; path = Info.plist; sourceTree = "<group>"; };
/* End PBXFileReference section */

/* Begin PBXFrameworksBuildPhase section */
		840C1C791D483A78001E6EA1 /* Frameworks */ = {
			isa = PBXFrameworksBuildPhase;
			buildActionMask = 2147483647;
			files = (
			);
			runOnlyForDeploymentPostprocessing = 0;
		};
/* End PBXFrameworksBuildPhase section */

/* Begin PBXGroup section */
		840C1C731D483A78001E6EA1 = {
			isa = PBXGroup;
			children = (
				840C1C7E1D483A78001E6EA1 /* catyears */,
				840C1C7D1D483A78001E6EA1 /* Products */,
			);
			sourceTree = "<group>";
		};
		840C1C7D1D483A78001E6EA1 /* Products */ = {
			isa = PBXGroup;
			children = (
				840C1C7C1D483A78001E6EA1 /* catyears.app */,
			);
			name = Products;
			sourceTree = "<group>";
		};
		840C1C7E1D483A78001E6EA1 /* catyears */ = {
			isa = PBXGroup;
			children = (
				840C1C7F1D483A78001E6EA1 /* AppDelegate.swift */,
				840C1C811D483A78001E6EA1 /* ViewController.swift */,
				840C1C831D483A78001E6EA1 /* Main.storyboard */,
				840C1C861D483A78001E6EA1 /* Assets.xcassets */,
				840C1C881D483A78001E6EA1 /* LaunchScreen.storyboard */,
				840C1C8B1D483A78001E6EA1 /* Info.plist */,
			);
			path = catyears;
			sourceTree = "<group>";
		};
/* End PBXGroup section */

/* Begin PBXNativeTarget section */
		840C1C7B1D483A78001E6EA1 /* catyears */ = {
			isa = PBXNativeTarget;
			buildConfigurationList = 840C1C8E1D483A78001E6EA1 /* Build configuration list for PBXNativeTarget "catyears" */;
			buildPhases = (
				840C1C781D483A78001E6EA1 /* Sources */,
				840C1C791D483A78001E6EA1 /* Frameworks */,
				840C1C7A1D483A78001E6EA1 /* Resources */,
			);
			buildRules = (
			);
			dependencies = (
			);
			name = catyears;
			productName = catyears;
			productReference = 840C1C7C1D483A78001E6EA1 /* catyears.app */;
			productType = "com.apple.product-type.application";
		};
/* End PBXNativeTarget section */

/* Begin PBXProject section */
		840C1C741D483A78001E6EA1 /* Project object */ = {
			isa = PBXProject;
			attributes = {
				LastSwiftUpdateCheck = 0800;
				LastUpgradeCheck = 0800;
				ORGANIZATIONNAME = Admin;
				TargetAttributes = {
					840C1C7B1D483A78001E6EA1 = {
						CreatedOnToolsVersion = 8.0;
						ProvisioningStyle = Automatic;
					};
				};
			};
			buildConfigurationList = 840C1C771D483A78001E6EA1 /* Build configuration list for PBXProject "catyears" */;
			compatibilityVersion = "Xcode 3.2";
			developmentRegion = English;
			hasScannedForEncodings = 0;
			knownRegions = (
				en,
				Base,
			);
			mainGroup = 840C1C731D483A78001E6EA1;
			productRefGroup = 840C1C7D1D483A78001E6EA1 /* Products */;
			projectDirPath = "";
			projectRoot = "";
			targets = (
				840C1C7B1D483A78001E6EA1 /* catyears */,
			);
		};
/* End PBXProject section */

/* Begin PBXResourcesBuildPhase section */
		840C1C7A1D483A78001E6EA1 /* Resources */ = {
			isa = PBXResourcesBuildPhase;
			buildActionMask = 2147483647;
			files = (
				840C1C8A1D483A78001E6EA1 /* LaunchScreen.storyboard in Resources */,
				840C1C871D483A78001E6EA1 /* Assets.xcassets in Resources */,
				840C1C851D483A78001E6EA1 /* Main.storyboard in Resources */,
			);
			runOnlyForDeploymentPostprocessing = 0;
		};
/* End PBXResourcesBuildPhase section */

/* Begin PBXSourcesBuildPhase section */
		840C1C781D483A78001E6EA1 /* Sources */ = {
			isa = PBXSourcesBuildPhase;
			buildActionMask = 2147483647;
			files = (
				840C1C821D483A78001E6EA1 /* ViewController.swift in Sources */,
				840C1C801D483A78001E6EA1 /* AppDelegate.swift in Sources */,
			);
			runOnlyForDeploymentPostprocessing = 0;
		};
/* End PBXSourcesBuildPhase section */

/* Begin PBXVariantGroup section */
		840C1C831D483A78001E6EA1 /* Main.storyboard */ = {
			isa = PBXVariantGroup;
			children = (
				840C1C841D483A78001E6EA1 /* Base */,
			);
			name = Main.storyboard;
			sourceTree = "<group>";
		};
		840C1C881D483A78001E6EA1 /* LaunchScreen.storyboard */ = {
			isa = PBXVariantGroup;
			children = (
				840C1C891D483A78001E6EA1 /* Base */,
			);
			name = LaunchScreen.storyboard;
			sourceTree = "<group>";
		};
/* End PBXVariantGroup section */

/* Begin XCBuildConfiguration section */
		840C1C8C1D483A78001E6EA1 /* Debug */ = {
			isa = XCBuildConfiguration;
			buildSettings = {
				ALWAYS_SEARCH_USER_PATHS = NO;
				CLANG_ANALYZER_NONNULL = YES;
				CLANG_CXX_LANGUAGE_STANDARD = "gnu++0x";
				CLANG_CXX_LIBRARY = "libc++";
				CLANG_ENABLE_MODULES = YES;
				CLANG_ENABLE_OBJC_ARC = YES;
				CLANG_WARN_BOOL_CONVERSION = YES;
				CLANG_WARN_CONSTANT_CONVERSION = YES;
				CLANG_WARN_DIRECT_OBJC_ISA_USAGE = YES_ERROR;
				CLANG_WARN_DOCUMENTATION_COMMENTS = YES;
				CLANG_WARN_EMPTY_BODY = YES;
				CLANG_WARN_ENUM_CONVERSION = YES;
				CLANG_WARN_INT_CONVERSION = YES;
				CLANG_WARN_OBJC_ROOT_CLASS = YES_ERROR;
				CLANG_WARN_UNREACHABLE_CODE = YES;
				CLANG_WARN__DUPLICATE_METHOD_MATCH = YES;
				"CODE_SIGN_IDENTITY[sdk=iphoneos*]" = "iPhone Developer";
				COPY_PHASE_STRIP = NO;
				DEBUG_INFORMATION_FORMAT = dwarf;
				ENABLE_STRICT_OBJC_MSGSEND = YES;
				ENABLE_TESTABILITY = YES;
				GCC_C_LANGUAGE_STANDARD = gnu99;
				GCC_DYNAMIC_NO_PIC = NO;
				GCC_NO_COMMON_BLOCKS = YES;
				GCC_OPTIMIZATION_LEVEL = 0;
				GCC_PREPROCESSOR_DEFINITIONS = (
					"DEBUG=1",
					"$(inherited)",
				);
				GCC_WARN_64_TO_32_BIT_CONVERSION = YES;
				GCC_WARN_ABOUT_RETURN_TYPE = YES_ERROR;
				GCC_WARN_UNDECLARED_SELECTOR = YES;
				GCC_WARN_UNINITIALIZED_AUTOS = YES_AGGRESSIVE;
				GCC_WARN_UNUSED_FUNCTION = YES;
				GCC_WARN_UNUSED_VARIABLE = YES;
				IPHONEOS_DEPLOYMENT_TARGET = 10.0;
				MTL_ENABLE_DEBUG_INFO = YES;
				ONLY_ACTIVE_ARCH = YES;
				SDKROOT = iphoneos;
				SWIFT_ACTIVE_COMPILATION_CONDITIONS = DEBUG;
				SWIFT_OPTIMIZATION_LEVEL = "-Onone";
				TARGETED_DEVICE_FAMILY = "1,2";
			};
			name = Debug;
		};
		840C1C8D1D483A78001E6EA1 /* Release */ = {
			isa = XCBuildConfiguration;
			buildSettings = {
				ALWAYS_SEARCH_USER_PATHS = NO;
				CLANG_ANALYZER_NONNULL = YES;
				CLANG_CXX_LANGUAGE_STANDARD = "gnu++0x";
				CLANG_CXX_LIBRARY = "libc++";
				CLANG_ENABLE_MODULES = YES;
				CLANG_ENABLE_OBJC_ARC = YES;
				CLANG_WARN_BOOL_CONVERSION = YES;
				CLANG_WARN_CONSTANT_CONVERSION = YES;
				CLANG_WARN_DIRECT_OBJC_ISA_USAGE = YES_ERROR;
				CLANG_WARN_DOCUMENTATION_COMMENTS = YES;
				CLANG_WARN_EMPTY_BODY = YES;
				CLANG_WARN_ENUM_CONVERSION = YES;
				CLANG_WARN_INT_CONVERSION = YES;
				CLANG_WARN_OBJC_ROOT_CLASS = YES_ERROR;
				CLANG_WARN_UNREACHABLE_CODE = YES;
				CLANG_WARN__DUPLICATE_METHOD_MATCH = YES;
				"CODE_SIGN_IDENTITY[sdk=iphoneos*]" = "iPhone Developer";
				COPY_PHASE_STRIP = NO;
				DEBUG_INFORMATION_FORMAT = "dwarf-with-dsym";
				ENABLE_NS_ASSERTIONS = NO;
				ENABLE_STRICT_OBJC_MSGSEND = YES;
				GCC_C_LANGUAGE_STANDARD = gnu99;
				GCC_NO_COMMON_BLOCKS = YES;
				GCC_WARN_64_TO_32_BIT_CONVERSION = YES;
				GCC_WARN_ABOUT_RETURN_TYPE = YES_ERROR;
				GCC_WARN_UNDECLARED_SELECTOR = YES;
				GCC_WARN_UNINITIALIZED_AUTOS = YES_AGGRESSIVE;
				GCC_WARN_UNUSED_FUNCTION = YES;
				GCC_WARN_UNUSED_VARIABLE = YES;
				IPHONEOS_DEPLOYMENT_TARGET = 10.0;
				MTL_ENABLE_DEBUG_INFO = NO;
				SDKROOT = iphoneos;
				SWIFT_OPTIMIZATION_LEVEL = "-Owholemodule";
				TARGETED_DEVICE_FAMILY = "1,2";
				VALIDATE_PRODUCT = YES;
			};
			name = Release;
		};
		840C1C8F1D483A78001E6EA1 /* Debug */ = {
			isa = XCBuildConfiguration;
			buildSettings = {
				ASSETCATALOG_COMPILER_APPICON_NAME = AppIcon;
				INFOPLIST_FILE = catyears/Info.plist;
				LD_RUNPATH_SEARCH_PATHS = "$(inherited) @executable_path/Frameworks";
				PRODUCT_BUNDLE_IDENTIFIER = admin.catyears;
				PRODUCT_NAME = "$(TARGET_NAME)";
				SWIFT_VERSION = 3.0;
			};
			name = Debug;
		};
		840C1C901D483A78001E6EA1 /* Release */ = {
			isa = XCBuildConfiguration;
			buildSettings = {
				ASSETCATALOG_COMPILER_APPICON_NAME = AppIcon;
				INFOPLIST_FILE = catyears/Info.plist;
				LD_RUNPATH_SEARCH_PATHS = "$(inherited) @executable_path/Frameworks";
				PRODUCT_BUNDLE_IDENTIFIER = admin.catyears;
				PRODUCT_NAME = "$(TARGET_NAME)";
				SWIFT_VERSION = 3.0;
			};
			name = Release;
		};
/* End XCBuildConfiguration section */

/* Begin XCConfigurationList section */
		840C1C771D483A78001E6EA1 /* Build configuration list for PBXProject "catyears" */ = {
			isa = XCConfigurationList;
			buildConfigurations = (
				840C1C8C1D483A78001E6EA1 /* Debug */,
				840C1C8D1D483A78001E6EA1 /* Release */,
			);
			defaultConfigurationIsVisible = 0;
			defaultConfigurationName = Release;
		};
		840C1C8E1D483A78001E6EA1 /* Build configuration list for PBXNativeTarget "catyears" */ = {
			isa = XCConfigurationList;
			buildConfigurations = (
				840C1C8F1D483A78001E6EA1 /* Debug */,
				840C1C901D483A78001E6EA1 /* Release */,
			);
			defaultConfigurationIsVisible = 0;
		};
/* End XCConfigurationList section */
	};
	rootObject = 840C1C741D483A78001E6EA1 /* Project object */;
}
